// !$*UTF8*$!
{
	archiveVersion = 1;
	classes = {
	};
	objectVersion = 46;
	objects = {

/* Begin PBXBuildFile section */
		04D87D4E1CB6883500E8649F /* AppDelegate.swift in Sources */ = {isa = PBXBuildFile; fileRef = 04D87D4D1CB6883500E8649F /* AppDelegate.swift */; };
		04D87D501CB6883500E8649F /* ViewController.swift in Sources */ = {isa = PBXBuildFile; fileRef = 04D87D4F1CB6883500E8649F /* ViewController.swift */; };
		04D87D531CB6883500E8649F /* Main.storyboard in Resources */ = {isa = PBXBuildFile; fileRef = 04D87D511CB6883500E8649F /* Main.storyboard */; };
		04D87D551CB6883500E8649F /* Assets.xcassets in Resources */ = {isa = PBXBuildFile; fileRef = 04D87D541CB6883500E8649F /* Assets.xcassets */; };
		04D87D581CB6883500E8649F /* LaunchScreen.storyboard in Resources */ = {isa = PBXBuildFile; fileRef = 04D87D561CB6883500E8649F /* LaunchScreen.storyboard */; };
/* End PBXBuildFile section */

/* Begin PBXFileReference section */
		04D87D4A1CB6883500E8649F /* DiceApp.app */ = {isa = PBXFileReference; explicitFileType = wrapper.application; includeInIndex = 0; path = DiceApp.app; sourceTree = BUILT_PRODUCTS_DIR; };
		04D87D4D1CB6883500E8649F /* AppDelegate.swift */ = {isa = PBXFileReference; lastKnownFileType = sourcecode.swift; path = AppDelegate.swift; sourceTree = "<group>"; };
		04D87D4F1CB6883500E8649F /* ViewController.swift */ = {isa = PBXFileReference; lastKnownFileType = sourcecode.swift; path = ViewController.swift; sourceTree = "<group>"; };
		04D87D521CB6883500E8649F /* Base */ = {isa = PBXFileReference; lastKnownFileType = file.storyboard; name = Base; path = Base.lproj/Main.storyboard; sourceTree = "<group>"; };
		04D87D541CB6883500E8649F /* Assets.xcassets */ = {isa = PBXFileReference; lastKnownFileType = folder.assetcatalog; path = Assets.xcassets; sourceTree = "<group>"; };
		04D87D571CB6883500E8649F /* Base */ = {isa = PBXFileReference; lastKnownFileType = file.storyboard; name = Base; path = Base.lproj/LaunchScreen.storyboard; sourceTree = "<group>"; };
		04D87D591CB6883500E8649F /* Info.plist */ = {isa = PBXFileReference; lastKnownFileType = text.plist.xml; path = Info.plist; sourceTree = "<group>"; };
/* End PBXFileReference section */

/* Begin PBXFrameworksBuildPhase section */
		04D87D471CB6883500E8649F /* Frameworks */ = {
			isa = PBXFrameworksBuildPhase;
			buildActionMask = 2147483647;
			files = (
			);
			runOnlyForDeploymentPostprocessing = 0;
		};
/* End PBXFrameworksBuildPhase section */

/* Begin PBXGroup section */
		04D87D411CB6883500E8649F = {
			isa = PBXGroup;
			children = (
				04D87D4C1CB6883500E8649F /* DiceApp */,
				04D87D4B1CB6883500E8649F /* Products */,
			);
			sourceTree = "<group>";
		};
		04D87D4B1CB6883500E8649F /* Products */ = {
			isa = PBXGroup;
			children = (
				04D87D4A1CB6883500E8649F /* DiceApp.app */,
			);
			name = Products;
			sourceTree = "<group>";
		};
		04D87D4C1CB6883500E8649F /* DiceApp */ = {
			isa = PBXGroup;
			children = (
				04D87D4D1CB6883500E8649F /* AppDelegate.swift */,
				04D87D4F1CB6883500E8649F /* ViewController.swift */,
				04D87D511CB6883500E8649F /* Main.storyboard */,
				04D87D541CB6883500E8649F /* Assets.xcassets */,
				04D87D561CB6883500E8649F /* LaunchScreen.storyboard */,
				04D87D591CB6883500E8649F /* Info.plist */,
			);
			path = DiceApp;
			sourceTree = "<group>";
		};
/* End PBXGroup section */

/* Begin PBXNativeTarget section */
		04D87D491CB6883500E8649F /* DiceApp */ = {
			isa = PBXNativeTarget;
			buildConfigurationList = 04D87D5C1CB6883500E8649F /* Build configuration list for PBXNativeTarget "DiceApp" */;
			buildPhases = (
				04D87D461CB6883500E8649F /* Sources */,
				04D87D471CB6883500E8649F /* Frameworks */,
				04D87D481CB6883500E8649F /* Resources */,
			);
			buildRules = (
			);
			dependencies = (
			);
			name = DiceApp;
			productName = DiceApp;
			productReference = 04D87D4A1CB6883500E8649F /* DiceApp.app */;
			productType = "com.apple.product-type.application";
		};
/* End PBXNativeTarget section */

/* Begin PBXProject section */
		04D87D421CB6883500E8649F /* Project object */ = {
			isa = PBXProject;
			attributes = {
				LastSwiftUpdateCheck = 0730;
				LastUpgradeCheck = 0730;
				ORGANIZATIONNAME = "LESMO Inc.";
				TargetAttributes = {
					04D87D491CB6883500E8649F = {
						CreatedOnToolsVersion = 7.3;
					};
				};
			};
			buildConfigurationList = 04D87D451CB6883500E8649F /* Build configuration list for PBXProject "DiceApp" */;
			compatibilityVersion = "Xcode 3.2";
			developmentRegion = English;
			hasScannedForEncodings = 0;
			knownRegions = (
				en,
				Base,
			);
			mainGroup = 04D87D411CB6883500E8649F;
			productRefGroup = 04D87D4B1CB6883500E8649F /* Products */;
			projectDirPath = "";
			projectRoot = "";
			targets = (
				04D87D491CB6883500E8649F /* DiceApp */,
			);
		};
/* End PBXProject section */

/* Begin PBXResourcesBuildPhase section */
		04D87D481CB6883500E8649F /* Resources */ = {
			isa = PBXResourcesBuildPhase;
			buildActionMask = 2147483647;
			files = (
				04D87D581CB6883500E8649F /* LaunchScreen.storyboard in Resources */,
				04D87D551CB6883500E8649F /* Assets.xcassets in Resources */,
				04D87D531CB6883500E8649F /* Main.storyboard in Resources */,
			);
			runOnlyForDeploymentPostprocessing = 0;
		};
/* End PBXResourcesBuildPhase section */

/* Begin PBXSourcesBuildPhase section */
		04D87D461CB6883500E8649F /* Sources */ = {
			isa = PBXSourcesBuildPhase;
			buildActionMask = 2147483647;
			files = (
				04D87D501CB6883500E8649F /* ViewController.swift in Sources */,
				04D87D4E1CB6883500E8649F /* AppDelegate.swift in Sources */,
			);
			runOnlyForDeploymentPostprocessing = 0;
		};
/* End PBXSourcesBuildPhase section */

/* Begin PBXVariantGroup section */
		04D87D511CB6883500E8649F /* Main.storyboard */ = {
			isa = PBXVariantGroup;
			children = (
				04D87D521CB6883500E8649F /* Base */,
			);
			name = Main.storyboard;
			sourceTree = "<group>";
		};
		04D87D561CB6883500E8649F /* LaunchScreen.storyboard */ = {
			isa = PBXVariantGroup;
			children = (
				04D87D571CB6883500E8649F /* Base */,
			);
			name = LaunchScreen.storyboard;
			sourceTree = "<group>";
		};
/* End PBXVariantGroup section */

/* Begin XCBuildConfiguration section */
		04D87D5A1CB6883500E8649F /* Debug */ = {
			isa = XCBuildConfiguration;
			buildSettings = {
				ALWAYS_SEARCH_USER_PATHS = NO;
				CLANG_ANALYZER_NONNULL = YES;
				CLANG_CXX_LANGUAGE_STANDARD = "gnu++0x";
				CLANG_CXX_LIBRARY = "libc++";
				CLANG_ENABLE_MODULES = YES;
				CLANG_ENABLE_OBJC_ARC = YES;
				CLANG_WARN_BOOL_CONVERSION = YES;
				CLANG_WARN_CONSTANT_CONVERSION = YES;
				CLANG_WARN_DIRECT_OBJC_ISA_USAGE = YES_ERROR;
				CLANG_WARN_EMPTY_BODY = YES;
				CLANG_WARN_ENUM_CONVERSION = YES;
				CLANG_WARN_INT_CONVERSION = YES;
				CLANG_WARN_OBJC_ROOT_CLASS = YES_ERROR;
				CLANG_WARN_UNREACHABLE_CODE = YES;
				CLANG_WARN__DUPLICATE_METHOD_MATCH = YES;
				"CODE_SIGN_IDENTITY[sdk=iphoneos*]" = "iPhone Developer";
				COPY_PHASE_STRIP = NO;
				DEBUG_INFORMATION_FORMAT = dwarf;
				ENABLE_STRICT_OBJC_MSGSEND = YES;
				ENABLE_TESTABILITY = YES;
				GCC_C_LANGUAGE_STANDARD = gnu99;
				GCC_DYNAMIC_NO_PIC = NO;
				GCC_NO_COMMON_BLOCKS = YES;
				GCC_OPTIMIZATION_LEVEL = 0;
				GCC_PREPROCESSOR_DEFINITIONS = (
					"DEBUG=1",
					"$(inherited)",
				);
				GCC_WARN_64_TO_32_BIT_CONVERSION = YES;
				GCC_WARN_ABOUT_RETURN_TYPE = YES_ERROR;
				GCC_WARN_UNDECLARED_SELECTOR = YES;
				GCC_WARN_UNINITIALIZED_AUTOS = YES_AGGRESSIVE;
				GCC_WARN_UNUSED_FUNCTION = YES;
				GCC_WARN_UNUSED_VARIABLE = YES;
				IPHONEOS_DEPLOYMENT_TARGET = 9.3;
				MTL_ENABLE_DEBUG_INFO = YES;
				ONLY_ACTIVE_ARCH = YES;
				SDKROOT = iphoneos;
				SWIFT_OPTIMIZATION_LEVEL = "-Onone";
				TARGETED_DEVICE_FAMILY = "1,2";
			};
			name = Debug;
		};
		04D87D5B1CB6883500E8649F /* Release */ = {
			isa = XCBuildConfiguration;
			buildSettings = {
				ALWAYS_SEARCH_USER_PATHS = NO;
				CLANG_ANALYZER_NONNULL = YES;
				CLANG_CXX_LANGUAGE_STANDARD = "gnu++0x";
				CLANG_CXX_LIBRARY = "libc++";
				CLANG_ENABLE_MODULES = YES;
				CLANG_ENABLE_OBJC_ARC = YES;
				CLANG_WARN_BOOL_CONVERSION = YES;
				CLANG_WARN_CONSTANT_CONVERSION = YES;
				CLANG_WARN_DIRECT_OBJC_ISA_USAGE = YES_ERROR;
				CLANG_WARN_EMPTY_BODY = YES;
				CLANG_WARN_ENUM_CONVERSION = YES;
				CLANG_WARN_INT_CONVERSION = YES;
				CLANG_WARN_OBJC_ROOT_CLASS = YES_ERROR;
				CLANG_WARN_UNREACHABLE_CODE = YES;
				CLANG_WARN__DUPLICATE_METHOD_MATCH = YES;
				"CODE_SIGN_IDENTITY[sdk=iphoneos*]" = "iPhone Developer";
				COPY_PHASE_STRIP = NO;
				DEBUG_INFORMATION_FORMAT = "dwarf-with-dsym";
				ENABLE_NS_ASSERTIONS = NO;
				ENABLE_STRICT_OBJC_MSGSEND = YES;
				GCC_C_LANGUAGE_STANDARD = gnu99;
				GCC_NO_COMMON_BLOCKS = YES;
				GCC_WARN_64_TO_32_BIT_CONVERSION = YES;
				GCC_WARN_ABOUT_RETURN_TYPE = YES_ERROR;
				GCC_WARN_UNDECLARED_SELECTOR = YES;
				GCC_WARN_UNINITIALIZED_AUTOS = YES_AGGRESSIVE;
				GCC_WARN_UNUSED_FUNCTION = YES;
				GCC_WARN_UNUSED_VARIABLE = YES;
				IPHONEOS_DEPLOYMENT_TARGET = 9.3;
				MTL_ENABLE_DEBUG_INFO = NO;
				SDKROOT = iphoneos;
				TARGETED_DEVICE_FAMILY = "1,2";
				VALIDATE_PRODUCT = YES;
			};
			name = Release;
		};
		04D87D5D1CB6883500E8649F /* Debug */ = {
			isa = XCBuildConfiguration;
			buildSettings = {
				ASSETCATALOG_COMPILER_APPICON_NAME = AppIcon;
				INFOPLIST_FILE = DiceApp/Info.plist;
				LD_RUNPATH_SEARCH_PATHS = "$(inherited) @executable_path/Frameworks";
				PRODUCT_BUNDLE_IDENTIFIER = biz.lesmo.DiceApp;
				PRODUCT_NAME = "$(TARGET_NAME)";
			};
			name = Debug;
		};
		04D87D5E1CB6883500E8649F /* Release */ = {
			isa = XCBuildConfiguration;
			buildSettings = {
				ASSETCATALOG_COMPILER_APPICON_NAME = AppIcon;
				INFOPLIST_FILE = DiceApp/Info.plist;
				LD_RUNPATH_SEARCH_PATHS = "$(inherited) @executable_path/Frameworks";
				PRODUCT_BUNDLE_IDENTIFIER = biz.lesmo.DiceApp;
				PRODUCT_NAME = "$(TARGET_NAME)";
			};
			name = Release;
		};
/* End XCBuildConfiguration section */

/* Begin XCConfigurationList section */
		04D87D451CB6883500E8649F /* Build configuration list for PBXProject "DiceApp" */ = {
			isa = XCConfigurationList;
			buildConfigurations = (
				04D87D5A1CB6883500E8649F /* Debug */,
				04D87D5B1CB6883500E8649F /* Release */,
			);
			defaultConfigurationIsVisible = 0;
			defaultConfigurationName = Release;
		};
		04D87D5C1CB6883500E8649F /* Build configuration list for PBXNativeTarget "DiceApp" */ = {
			isa = XCConfigurationList;
			buildConfigurations = (
				04D87D5D1CB6883500E8649F /* Debug */,
				04D87D5E1CB6883500E8649F /* Release */,
			);
			defaultConfigurationIsVisible = 0;
		};
/* End XCConfigurationList section */
	};
	rootObject = 04D87D421CB6883500E8649F /* Project object */;
}
